{
  "markbot": "69a9fdd6bcf7e59d3c63fbfb9c2c39d3f3f6cd4a776bba4cf92babaa94537b64",
  "markbotignore": "030a4e6e1b3b6b510514a7ae54576e2c2ef762d56236c6414ef634955d96a126",
  "css/modules.css": "b0f487cc8b495b196aa108528d240675b66886dfaa2c076259cf9606988da42d",
  "css/grid.css": "e30dfcbd441af077b2683227a95efc8b04e1d903976514789296f52a6f2c87d6",
  "css/type.css": "0b635f458367d6f79213f67b4a1477a69f610b14831650bb5b59555e0f4fbee2",
  "index-320.png": "ae4070f160fd57741269b6a6f696e9ee5da7139fa94b161166f12c31f91f4306",
  "index-1440.png": "587d97a928510a77f0943bb10f3377c999228469362ddc3c7e12e38d862b961c"
}