{
  "markbot": "1afd6ea45627992080368043a405248fa12473ff557e5092dafd3e718b42f517",
  "markbotignore": "030a4e6e1b3b6b510514a7ae54576e2c2ef762d56236c6414ef634955d96a126",
  "index-320.png": "755ffadf0cb5b90895096261465a83de10b0074d39d99542a1cdb6818fd240bc",
  "index-1440.png": "5807b743d639cba3278e1fa3c2571d7e211b5b5b78e126b8c77dab83b976106a"
}